
Microsoft Visual Studio Solution File, Format Version 12.00
# Visual Studio Version 17
VisualStudioVersion = 17.3.32819.101
MinimumVisualStudioVersion = 10.0.40219.1
Project("{FAE04EC0-301F-11D3-BF4B-00C04F79EFBC}") = "program", "program\program.csproj", "{D6FD0ED8-5C1B-4787-8F1E-F6B3FE642930}"
EndProject
Global
	GlobalSection(SolutionConfigurationPlatforms) = preSolution
		Debug|Any CPU = Debug|Any CPU
		Release|Any CPU = Release|Any CPU
	EndGlobalSection
	GlobalSection(ProjectConfigurationPlatforms) = postSolution
		{D6FD0ED8-5C1B-4787-8F1E-F6B3FE642930}.Debug|Any CPU.ActiveCfg = Debug|Any CPU
		{D6FD0ED8-5C1B-4787-8F1E-F6B3FE642930}.Debug|Any CPU.Build.0 = Debug|Any CPU
		{D6FD0ED8-5C1B-4787-8F1E-F6B3FE642930}.Release|Any CPU.ActiveCfg = Release|Any CPU
		{D6FD0ED8-5C1B-4787-8F1E-F6B3FE642930}.Release|Any CPU.Build.0 = Release|Any CPU
	EndGlobalSection
	GlobalSection(SolutionProperties) = preSolution
		HideSolutionNode = FALSE
	EndGlobalSection
	GlobalSection(ExtensibilityGlobals) = postSolution
		SolutionGuid = {271AF52E-AC1F-44C0-9EB9-39B87252607C}
	EndGlobalSection
EndGlobal
